
Microsoft Visual Studio Solution File, Format Version 12.00
# Visual Studio Version 17
VisualStudioVersion = 17.10.34916.146
MinimumVisualStudioVersion = 10.0.40219.1
Project("{FAE04EC0-301F-11D3-BF4B-00C04F79EFBC}") = "Web", "Web\Web.csproj", "{A6F6BF14-EEC1-4F1E-9C74-9BE686CE5B03}"
EndProject
Project("{FAE04EC0-301F-11D3-BF4B-00C04F79EFBC}") = "Application", "Application\Application.csproj", "{21150C39-5E0F-490D-B055-3DE42F6B75CF}"
EndProject
Project("{FAE04EC0-301F-11D3-BF4B-00C04F79EFBC}") = "Infrastructure", "Infrastructure\Infrastructure.csproj", "{468EE214-4D99-441B-81BB-8BE4A57E1CCE}"
EndProject
Global
	GlobalSection(SolutionConfigurationPlatforms) = preSolution
		Debug|Any CPU = Debug|Any CPU
		Release|Any CPU = Release|Any CPU
	EndGlobalSection
	GlobalSection(ProjectConfigurationPlatforms) = postSolution
		{A6F6BF14-EEC1-4F1E-9C74-9BE686CE5B03}.Debug|Any CPU.ActiveCfg = Debug|Any CPU
		{A6F6BF14-EEC1-4F1E-9C74-9BE686CE5B03}.Debug|Any CPU.Build.0 = Debug|Any CPU
		{A6F6BF14-EEC1-4F1E-9C74-9BE686CE5B03}.Release|Any CPU.ActiveCfg = Release|Any CPU
		{A6F6BF14-EEC1-4F1E-9C74-9BE686CE5B03}.Release|Any CPU.Build.0 = Release|Any CPU
		{21150C39-5E0F-490D-B055-3DE42F6B75CF}.Debug|Any CPU.ActiveCfg = Debug|Any CPU
		{21150C39-5E0F-490D-B055-3DE42F6B75CF}.Debug|Any CPU.Build.0 = Debug|Any CPU
		{21150C39-5E0F-490D-B055-3DE42F6B75CF}.Release|Any CPU.ActiveCfg = Release|Any CPU
		{21150C39-5E0F-490D-B055-3DE42F6B75CF}.Release|Any CPU.Build.0 = Release|Any CPU
		{468EE214-4D99-441B-81BB-8BE4A57E1CCE}.Debug|Any CPU.ActiveCfg = Debug|Any CPU
		{468EE214-4D99-441B-81BB-8BE4A57E1CCE}.Debug|Any CPU.Build.0 = Debug|Any CPU
		{468EE214-4D99-441B-81BB-8BE4A57E1CCE}.Release|Any CPU.ActiveCfg = Release|Any CPU
		{468EE214-4D99-441B-81BB-8BE4A57E1CCE}.Release|Any CPU.Build.0 = Release|Any CPU
	EndGlobalSection
	GlobalSection(SolutionProperties) = preSolution
		HideSolutionNode = FALSE
	EndGlobalSection
	GlobalSection(ExtensibilityGlobals) = postSolution
		SolutionGuid = {6CFDD145-6B64-415E-8752-A1A564C7B5BD}
	EndGlobalSection
EndGlobal
